
Microsoft Visual Studio Solution File, Format Version 12.00
# Visual Studio Version 16
VisualStudioVersion = 16.0.31005.135
MinimumVisualStudioVersion = 10.0.40219.1
Project("{9A19103F-16F7-4668-BE54-9A1E7A4F7556}") = "Drill4Net.Injector.App", "src\Injector\Drill4Net.Injector.App\Drill4Net.Injector.App.csproj", "{96334265-0515-4C61-B6EF-A39A36A99CD2}"
EndProject
Project("{FAE04EC0-301F-11D3-BF4B-00C04F79EFBC}") = "Drill4Net.Target.Net48.App", "src\Tests\Targets\NetFramework\Drill4Net.Target.Net48.App\Drill4Net.Target.Net48.App.csproj", "{4C011347-AA81-4AD9-9688-06C0DFF448BB}"
EndProject
Project("{2150E333-8FDC-42A3-9474-1A3956D46DE8}") = "Apps", "Apps", "{FA69B589-117C-4E05-9F95-914965C37D71}"
EndProject
Project("{2150E333-8FDC-42A3-9474-1A3956D46DE8}") = "Targets", "Targets", "{50B3CF2D-D22F-4393-97BF-67C14B2E1756}"
EndProject
Project("{2150E333-8FDC-42A3-9474-1A3956D46DE8}") = "Tests", "Tests", "{C2C77100-B789-417D-A387-E2C4A668C15C}"
EndProject
Project("{2150E333-8FDC-42A3-9474-1A3956D46DE8}") = "Injector", "Injector", "{2FFDD626-2A70-425D-A6D7-5769E16CE0C5}"
EndProject
Project("{9A19103F-16F7-4668-BE54-9A1E7A4F7556}") = "Drill4Net.Injector.Engine", "src\Injector\Drill4Net.Injector.Engine\Drill4Net.Injector.Engine.csproj", "{04F30A51-4DC7-4F70-94DF-F9AA594C3656}"
	ProjectSection(ProjectDependencies) = postProject
		{7E40D044-DFE1-4DDD-A45F-74F820AE7B1D} = {7E40D044-DFE1-4DDD-A45F-74F820AE7B1D}
	EndProjectSection
EndProject
Project("{9A19103F-16F7-4668-BE54-9A1E7A4F7556}") = "Drill4Net.Target.Common", "src\Tests\Targets\Common\Drill4Net.Target.Common\Drill4Net.Target.Common.csproj", "{7E40D044-DFE1-4DDD-A45F-74F820AE7B1D}"
EndProject
Project("{2150E333-8FDC-42A3-9474-1A3956D46DE8}") = "Agent", "Agent", "{15C3D733-AA9A-47B1-BDF3-92BFD40B69C1}"
EndProject
Project("{9A19103F-16F7-4668-BE54-9A1E7A4F7556}") = "Drill4Net.Injection", "src\Injection\Drill4Net.Injection\Drill4Net.Injection.csproj", "{2FBA8974-AAE8-43C1-AAD6-37C25E869F08}"
EndProject
Project("{2150E333-8FDC-42A3-9474-1A3956D46DE8}") = "Injection", "Injection", "{F224ACDF-5B60-47B3-98F7-15280126EF03}"
EndProject
Project("{9A19103F-16F7-4668-BE54-9A1E7A4F7556}") = "Drill4Net.Injection.Debug", "src\Injection\Drill4Net.Injection.Debug\Drill4Net.Injection.Debug.csproj", "{25B407C4-144B-4C55-9CC8-D53B625FDD69}"
EndProject
Project("{2150E333-8FDC-42A3-9474-1A3956D46DE8}") = "IntegrationTests", "IntegrationTests", "{AD34A5D5-1235-4F55-A00F-8B307F7FF2EB}"
EndProject
Project("{2150E333-8FDC-42A3-9474-1A3956D46DE8}") = "Core", "Core", "{1D6CE589-D18D-4682-A950-003BAC9B7B04}"
EndProject
Project("{9A19103F-16F7-4668-BE54-9A1E7A4F7556}") = "Drill4Net.Agent.Abstract", "src\Core\Drill4Net.Agent.Abstract\Drill4Net.Agent.Abstract.csproj", "{E7C38917-CCCA-42DE-9C0A-0D6E5A0E22B4}"
EndProject
Project("{9A19103F-16F7-4668-BE54-9A1E7A4F7556}") = "Drill4Net.Agent.Testing", "src\Tests\IntegrationTests\Agent\Drill4Net.Agent.Testing\Drill4Net.Agent.Testing.csproj", "{3E816CEF-341B-4010-8C8C-B266F031EF6D}"
EndProject
Project("{9A19103F-16F7-4668-BE54-9A1E7A4F7556}") = "Drill4Net.Injector.Core", "src\Injector\Drill4Net.Injector.Core\Drill4Net.Injector.Core.csproj", "{4F7E6B2F-4AF1-444A-9753-3FB1EE3F554A}"
EndProject
Project("{9A19103F-16F7-4668-BE54-9A1E7A4F7556}") = "Drill4Net.Target.Tests.Common", "src\Tests\IntegrationTests\Projects\Drill4Net.Target.Tests.Common\Drill4Net.Target.Tests.Common.csproj", "{049043DD-4F2B-465B-9BE4-3F5A623D8AB4}"
EndProject
Project("{2150E333-8FDC-42A3-9474-1A3956D46DE8}") = "Agent", "Agent", "{2D8768BC-205A-4BE5-8A42-66FAADF2CF7E}"
EndProject
Project("{9A19103F-16F7-4668-BE54-9A1E7A4F7556}") = "Drill4Net.Agent.Testing.Debug", "src\Tests\IntegrationTests\Agent\Drill4Net.Agent.Testing.Debug\Drill4Net.Agent.Testing.Debug.csproj", "{695B6D02-77D6-432F-920E-EFE682BC0C19}"
EndProject
Project("{2150E333-8FDC-42A3-9474-1A3956D46DE8}") = "RnD", "RnD", "{77625A58-589A-4E69-B835-64A01A197D09}"
EndProject
Project("{9A19103F-16F7-4668-BE54-9A1E7A4F7556}") = "Drill4Net.Target.Net50.App", "src\Tests\Targets\Net50\Drill4Net.Target.Net50.App\Drill4Net.Target.Net50.App.csproj", "{2D2BB2ED-E1DF-492F-8173-6E44DA4E893A}"
EndProject
Project("{2150E333-8FDC-42A3-9474-1A3956D46DE8}") = "Solution Items", "Solution Items", "{B21E08BB-F547-47C7-A9E1-30AE2DC0CB65}"
	ProjectSection(SolutionItems) = preProject
		.editorconfig = .editorconfig
		Directory.Build.props = Directory.Build.props
	EndProjectSection
EndProject
Project("{9A19103F-16F7-4668-BE54-9A1E7A4F7556}") = "Drill4Net.Target.Core31.App", "src\Tests\Targets\Core31\Drill4Net.Target.Core31.App\Drill4Net.Target.Core31.App.csproj", "{EA971CF5-1B2D-4EE5-B5D1-DD208258D939}"
EndProject
Project("{9A19103F-16F7-4668-BE54-9A1E7A4F7556}") = "Drill4Net.Target.Core22.App", "src\Tests\Targets\Core22\Drill4Net.Target.Core22.App\Drill4Net.Target.Core22.App.csproj", "{BC7A4F53-E3FA-41F3-B9A6-28AB240BFF7F}"
EndProject
Project("{FAE04EC0-301F-11D3-BF4B-00C04F79EFBC}") = "Drill4Net.Target.Net461.App", "src\Tests\Targets\NetFramework\Drill4Net.Target.Net461.App\Drill4Net.Target.Net461.App.csproj", "{1B1D2534-D211-475F-8CF5-C619CF1554A8}"
EndProject
Project("{2150E333-8FDC-42A3-9474-1A3956D46DE8}") = "Projects", "Projects", "{C6C32266-365A-4D53-82C2-74B4943F8A5A}"
EndProject
Project("{9A19103F-16F7-4668-BE54-9A1E7A4F7556}") = "Drill4Net.Target.Tests.Net50", "src\Tests\IntegrationTests\Projects\Drill4Net.Target.Tests.Net50\Drill4Net.Target.Tests.Net50.csproj", "{B0F2452A-73AF-4061-BCCA-DA626818F9A8}"
EndProject
Project("{9A19103F-16F7-4668-BE54-9A1E7A4F7556}") = "Drill4Net.Target.Tests.Core22", "src\Tests\IntegrationTests\Projects\Drill4Net.Target.Tests.Core22\Drill4Net.Target.Tests.Core22.csproj", "{7F056819-5357-4674-9C85-50DCB89E73F3}"
EndProject
Project("{9A19103F-16F7-4668-BE54-9A1E7A4F7556}") = "Drill4Net.Target.Tests.Core31", "src\Tests\IntegrationTests\Projects\Drill4Net.Target.Tests.Core31\Drill4Net.Target.Tests.Core31.csproj", "{D071E103-8ACD-47BD-8933-19C073D56680}"
EndProject
Project("{FAE04EC0-301F-11D3-BF4B-00C04F79EFBC}") = "Drill4Net.Target.Tests.Net461", "src\Tests\IntegrationTests\Projects\Drill4Net.Target.Tests.Net461\Drill4Net.Target.Tests.Net461.csproj", "{5E9EC151-C1EF-4A26-A981-9E6DDB4270B5}"
EndProject
Project("{FAE04EC0-301F-11D3-BF4B-00C04F79EFBC}") = "Drill4Net.Target.Tests.Net48", "src\Tests\IntegrationTests\Projects\Drill4Net.Target.Tests.Net48\Drill4Net.Target.Tests.Net48.csproj", "{47CDB144-0FE0-43CE-A650-9FC361A0FF88}"
EndProject
Project("{9A19103F-16F7-4668-BE54-9A1E7A4F7556}") = "Drill4Net.Profiling.Tree", "src\Core\Drill4Net.Profiling.Tree\Drill4Net.Profiling.Tree.csproj", "{42467A3F-23F3-4DCA-85A2-EAC2C066A7A0}"
EndProject
Project("{9A19103F-16F7-4668-BE54-9A1E7A4F7556}") = "Drill4Net.Common", "src\Core\Drill4Net.Common\Drill4Net.Common.csproj", "{A3CF9C08-90A6-49B5-9A02-81C0267922D4}"
EndProject
Project("{6EC3EE1D-3C4E-46DD-8F32-0CC8E7565705}") = "Drill4Net.Target.Common.FSharp", "src\Tests\Targets\Common\Drill4Net.Target.Common.FSharp\Drill4Net.Target.Common.FSharp.fsproj", "{72AE5379-3F0D-4F24-8162-329691B02BDD}"
EndProject
Project("{2150E333-8FDC-42A3-9474-1A3956D46DE8}") = "Common", "Common", "{DF4173DB-3EB9-4E59-A4FB-EC630048C286}"
EndProject
Project("{778DAE3C-4631-46EA-AA77-85C1314464D9}") = "Drill4Net.Target.Common.VB", "src\Tests\Targets\Common\Drill4Net.Target.Common.VB\Drill4Net.Target.Common.VB.vbproj", "{425D6D9F-DBC7-4C9B-8010-8E457BB47A9F}"
EndProject
Project("{9A19103F-16F7-4668-BE54-9A1E7A4F7556}") = "Drill4Net.Target.Common.Another", "src\Tests\Targets\Common\Drill4Net.Target.Common.Another\Drill4Net.Target.Common.Another.csproj", "{22A08859-EA17-4C32-AB3A-805608326CA2}"
EndProject
Project("{2150E333-8FDC-42A3-9474-1A3956D46DE8}") = "Strategies", "Strategies", "{71A275A8-1DC9-4AD6-AC50-8F3C922FEF1A}"
EndProject
Project("{9A19103F-16F7-4668-BE54-9A1E7A4F7556}") = "Drill4Net.Injector.Strategies.Flow", "src\Injector\Strategies\Drill4Net.Injector.Strategies.Flow\Drill4Net.Injector.Strategies.Flow.csproj", "{EAE06B6F-2B11-4665-BFFC-240046832096}"
EndProject
Project("{2150E333-8FDC-42A3-9474-1A3956D46DE8}") = "Agent", "Agent", "{F5B1697D-C26A-4165-B810-6A4C8621F902}"
EndProject
Project("{9A19103F-16F7-4668-BE54-9A1E7A4F7556}") = "Drill4Net.Agent.Standard", "src\Agent\Drill4Net.Agent.Standard\Drill4Net.Agent.Standard.csproj", "{FCD66AC2-6844-4D76-88AF-C21506D8DE4E}"
EndProject
Project("{9A19103F-16F7-4668-BE54-9A1E7A4F7556}") = "Drill4Net.Agent.Standard.Tester", "src\Agent\Drill4Net.Agent.Standard.Tester\Drill4Net.Agent.Standard.Tester.csproj", "{4B1EB40F-A71F-402E-AF74-054A311D92C1}"
EndProject
Project("{9A19103F-16F7-4668-BE54-9A1E7A4F7556}") = "Drill4Net.Agent.Transport", "src\Agent\Drill4Net.Agent.Transport\Drill4Net.Agent.Transport.csproj", "{B68F2651-1CF5-4F08-BB95-D32B153F4B42}"
EndProject
Project("{2150E333-8FDC-42A3-9474-1A3956D46DE8}") = "Demo", "Demo", "{C856DEA2-275C-4529-8B89-08F9E933C7CE}"
EndProject
Project("{2150E333-8FDC-42A3-9474-1A3956D46DE8}") = "WebApp", "WebApp", "{724C2369-D469-4258-AF54-4E4762A149E1}"
EndProject
Project("{2150E333-8FDC-42A3-9474-1A3956D46DE8}") = "WebApi", "WebApi", "{4168DC9F-2512-45F5-B287-7157A2559306}"
EndProject
Project("{2150E333-8FDC-42A3-9474-1A3956D46DE8}") = "Desktop", "Desktop", "{D2DBBB39-FDC4-4070-939A-A9E0DC71F017}"
EndProject
Project("{2150E333-8FDC-42A3-9474-1A3956D46DE8}") = "Shared", "Shared", "{2A4B3CE0-64B8-45F8-BFD9-C78FF5F28287}"
EndProject
Project("{2150E333-8FDC-42A3-9474-1A3956D46DE8}") = "Razor", "Razor", "{D5E55441-F06F-437B-8CB6-ED26C1938072}"
EndProject
Project("{2150E333-8FDC-42A3-9474-1A3956D46DE8}") = "Blazor", "Blazor", "{AB5F1378-D6DD-4108-BB37-FB8346CB7DFA}"
EndProject
Project("{2150E333-8FDC-42A3-9474-1A3956D46DE8}") = "WasmApp", "WasmApp", "{F484F33B-7897-4C39-91EE-D0E7134018AB}"
EndProject
Project("{9A19103F-16F7-4668-BE54-9A1E7A4F7556}") = "Drill4Net.Demo.Blazor.WasmApp.Server", "src\Tests\Demo\WebApp\Blazor\Drill4Net.Demo.Blazor.ServerWasm\Drill4Net.Demo.Blazor.ServerWasm.Server\Drill4Net.Demo.Blazor.WasmApp.Server.csproj", "{31C694E4-1030-45A1-A6F4-A007159846D9}"
EndProject
Project("{9A19103F-16F7-4668-BE54-9A1E7A4F7556}") = "Drill4Net.Demo.Blazor.WasmApp.WebAssembly", "src\Tests\Demo\WebApp\Blazor\Drill4Net.Demo.Blazor.ServerWasm\Drill4Net.Demo.Blazor.ServerWasm.WebAssembly\Drill4Net.Demo.Blazor.WasmApp.WebAssembly.csproj", "{4820D071-4EAD-43A8-A93A-687B4CDA7516}"
EndProject
Project("{9A19103F-16F7-4668-BE54-9A1E7A4F7556}") = "Drill4Net.Demo.Blazor.WasmApp.Shared", "src\Tests\Demo\WebApp\Blazor\Drill4Net.Demo.Blazor.ServerWasm\Drill4Net.Demo.Blazor.ServerWasm.Shared\Drill4Net.Demo.Blazor.WasmApp.Shared.csproj", "{E8E27016-CA97-45A7-A694-6DAD5113ECC9}"
EndProject
Project("{2150E333-8FDC-42A3-9474-1A3956D46DE8}") = "ServerApp", "ServerApp", "{B72B6DDF-7E0B-4AC1-8A06-CCF30C99BE3D}"
EndProject
Project("{9A19103F-16F7-4668-BE54-9A1E7A4F7556}") = "Drill4Net.Demo.Blazor.ServerApp", "src\Tests\Demo\WebApp\Blazor\Drill4Net.Demo.Blazor.Server\Drill4Net.Demo.Blazor.ServerApp.csproj", "{7B010762-F29E-4D3C-A24C-6449739BCBA3}"
EndProject
Project("{9A19103F-16F7-4668-BE54-9A1E7A4F7556}") = "Drill4Net.Demo.Razor.App", "src\Tests\Demo\WebApp\Razor\Drill4Net.Demo.Razor.App\Drill4Net.Demo.Razor.App.csproj", "{BC8A4947-3CB0-4558-8354-0C2DA3279B7F}"
EndProject
Project("{9A19103F-16F7-4668-BE54-9A1E7A4F7556}") = "Drill4Net.Demo.Target", "src\Tests\Demo\Shared\Drill4Net.Demo.Target\Drill4Net.Demo.Target.csproj", "{2DF2921D-8BE5-437F-A3F1-21027595D4F4}"
EndProject
Project("{9A19103F-16F7-4668-BE54-9A1E7A4F7556}") = "Drill4Net.Core.Repository", "src\Core\Drill4Net.Core.Repository\Drill4Net.Core.Repository.csproj", "{522EA8D3-047A-4C7A-9D50-CCB5D611BC72}"
EndProject
Project("{2150E333-8FDC-42A3-9474-1A3956D46DE8}") = "UnitTests", "UnitTests", "{6F63B967-D17C-4693-8228-D4F254C24F8B}"
EndProject
Project("{9A19103F-16F7-4668-BE54-9A1E7A4F7556}") = "Drill4Net.Injector.Core.UnitTests", "src\Tests\UnitTests\Drill4Net.Injector.Core.UnitTests\Drill4Net.Injector.Core.UnitTests.csproj", "{9ECB5BE5-4C16-4C94-9647-BF953EF86C94}"
EndProject
Project("{9A19103F-16F7-4668-BE54-9A1E7A4F7556}") = "Drill4Net.Injector.Engine.UnitTests", "src\Tests\UnitTests\Drill4Net.Injector.Engine.UnitTests\Drill4Net.Injector.Engine.UnitTests.csproj", "{3BC9ADDE-EC6E-436A-BC8E-BB18615DCE0D}"
EndProject
Project("{FAE04EC0-301F-11D3-BF4B-00C04F79EFBC}") = "Drill4Net.Agent.Testing.NetFxUtils", "src\Tests\IntegrationTests\Agent\Drill4Net.Agent.Testing.NetFxUtils\Drill4Net.Agent.Testing.NetFxUtils.csproj", "{589E6C99-00BD-4062-8192-C015D93387F2}"
EndProject
Project("{2150E333-8FDC-42A3-9474-1A3956D46DE8}") = "!!_Adoption_cfg", "!!_Adoption_cfg", "{62F8FA14-B664-46E8-BDF1-88A1E77B959C}"
	ProjectSection(SolutionItems) = preProject
		IHS_std.yml = IHS_std.yml
	EndProjectSection
EndProject
Project("{9A19103F-16F7-4668-BE54-9A1E7A4F7556}") = "Drill4Net.Agent.Kafka.Debug", "src\Agent\Drill4Net.Agent.Kafka.Debug\Drill4Net.Agent.Kafka.Debug.csproj", "{3FB0F998-6ED8-49CD-AE52-71E27A54B9DA}"
EndProject
Project("{9A19103F-16F7-4668-BE54-9A1E7A4F7556}") = "Drill4Net.Agent.Kafka.Transmitter", "src\Agent\Drill4Net.Agent.Kafka.Transmitter\Drill4Net.Agent.Kafka.Transmitter.csproj", "{E0883971-0670-4E44-B9CA-218A72A33BF0}"
EndProject
Project("{2150E333-8FDC-42A3-9474-1A3956D46DE8}") = "Standard", "Standard", "{5A5AB43E-890A-48AA-B426-8913AE372ADE}"
EndProject
Project("{2150E333-8FDC-42A3-9474-1A3956D46DE8}") = "Kafka", "Kafka", "{3C1B303F-7C0F-4C3D-9F33-ABBDEAC8F7E8}"
EndProject
Project("{9A19103F-16F7-4668-BE54-9A1E7A4F7556}") = "Drill4Net.Agent.File", "src\RnD\Drill4Net.Agent.File\Drill4Net.Agent.File.csproj", "{318745AA-C0D4-4340-9E94-AEDEAE95B36E}"
EndProject
Project("{9A19103F-16F7-4668-BE54-9A1E7A4F7556}") = "Drill4Net.Agent.File.Debug", "src\RnD\Drill4Net.Agent.File.Debug\Drill4Net.Agent.File.Debug.csproj", "{1D938EA3-5ED2-4D23-B38B-C54102768912}"
EndProject
Project("{9A19103F-16F7-4668-BE54-9A1E7A4F7556}") = "Drill4Net.Agent.Kafka.Transmitter.Debug", "src\Agent\Drill4Net.Agent.Kafka.Transmitter.Debug\Drill4Net.Agent.Kafka.Transmitter.Debug.csproj", "{840CA2ED-682A-4EFB-98EF-2E9C1789F245}"
EndProject
Project("{9A19103F-16F7-4668-BE54-9A1E7A4F7556}") = "Drill4Net.Agent.Kafka.Common", "src\Agent\Drill4Net.Agent.Kafka.Common\Drill4Net.Agent.Kafka.Common.csproj", "{1A4F1986-F799-422B-A878-ABA172DE7818}"
EndProject
Project("{9A19103F-16F7-4668-BE54-9A1E7A4F7556}") = "Drill4Net.BanderLog", "src\Core\Drill4Net.BanderLog\Drill4Net.BanderLog.csproj", "{6CC60C8B-4DFB-4FF4-B32D-981F99B40C8C}"
EndProject
Project("{9A19103F-16F7-4668-BE54-9A1E7A4F7556}") = "Drill4Net.BanderLog.Debug", "src\Core\Drill4Net.BanderLog.Debug\Drill4Net.BanderLog.Debug.csproj", "{4EE46F47-AE8F-4011-971E-8435FC1260F5}"
EndProject
Project("{2150E333-8FDC-42A3-9474-1A3956D46DE8}") = "Benchmark", "Benchmark", "{6C10442A-5611-4E01-A65E-5A4F649A8FE6}"
EndProject
Project("{2150E333-8FDC-42A3-9474-1A3956D46DE8}") = "Benchmark", "Benchmark", "{A02A7228-EE23-46AE-82ED-CFACF724E9FA}"
EndProject
Project("{9A19103F-16F7-4668-BE54-9A1E7A4F7556}") = "Drill4Net.Target.Benchmark", "src\Tests\Targets\Benchmark\Drill4Net.Target.Benchmark.Logger.csproj\Drill4Net.Target.Benchmark.csproj", "{DC132E41-7DCF-4339-B472-4D500572AFA5}"
EndProject
Project("{9A19103F-16F7-4668-BE54-9A1E7A4F7556}") = "Drill4Net.Benchmark.Testing", "src\Tests\Benchmark\Drill4Net.Benchmark.Testing\Drill4Net.Benchmark.Testing.csproj", "{787ADC6C-0637-42C7-990E-4919CB721559}"
EndProject
Project("{9A19103F-16F7-4668-BE54-9A1E7A4F7556}") = "Drill4Net.Benchmark.Logger", "src\Tests\Benchmark\Drill4Net.Benchmark.Logger\Drill4Net.Benchmark.Logger.csproj", "{AA053806-F6AF-468E-A2EC-1A8D00E721F2}"
EndProject
Global
	GlobalSection(SolutionConfigurationPlatforms) = preSolution
		Debug|Any CPU = Debug|Any CPU
		Release|Any CPU = Release|Any CPU
	EndGlobalSection
	GlobalSection(ProjectConfigurationPlatforms) = postSolution
		{96334265-0515-4C61-B6EF-A39A36A99CD2}.Debug|Any CPU.ActiveCfg = Debug|Any CPU
		{96334265-0515-4C61-B6EF-A39A36A99CD2}.Debug|Any CPU.Build.0 = Debug|Any CPU
		{96334265-0515-4C61-B6EF-A39A36A99CD2}.Release|Any CPU.ActiveCfg = Release|Any CPU
		{96334265-0515-4C61-B6EF-A39A36A99CD2}.Release|Any CPU.Build.0 = Release|Any CPU
		{4C011347-AA81-4AD9-9688-06C0DFF448BB}.Debug|Any CPU.ActiveCfg = Debug|Any CPU
		{4C011347-AA81-4AD9-9688-06C0DFF448BB}.Debug|Any CPU.Build.0 = Debug|Any CPU
		{4C011347-AA81-4AD9-9688-06C0DFF448BB}.Release|Any CPU.ActiveCfg = Release|Any CPU
		{4C011347-AA81-4AD9-9688-06C0DFF448BB}.Release|Any CPU.Build.0 = Release|Any CPU
		{04F30A51-4DC7-4F70-94DF-F9AA594C3656}.Debug|Any CPU.ActiveCfg = Debug|Any CPU
		{04F30A51-4DC7-4F70-94DF-F9AA594C3656}.Debug|Any CPU.Build.0 = Debug|Any CPU
		{04F30A51-4DC7-4F70-94DF-F9AA594C3656}.Release|Any CPU.ActiveCfg = Release|Any CPU
		{04F30A51-4DC7-4F70-94DF-F9AA594C3656}.Release|Any CPU.Build.0 = Release|Any CPU
		{7E40D044-DFE1-4DDD-A45F-74F820AE7B1D}.Debug|Any CPU.ActiveCfg = Debug|Any CPU
		{7E40D044-DFE1-4DDD-A45F-74F820AE7B1D}.Debug|Any CPU.Build.0 = Debug|Any CPU
		{7E40D044-DFE1-4DDD-A45F-74F820AE7B1D}.Release|Any CPU.ActiveCfg = Release|Any CPU
		{7E40D044-DFE1-4DDD-A45F-74F820AE7B1D}.Release|Any CPU.Build.0 = Release|Any CPU
		{2FBA8974-AAE8-43C1-AAD6-37C25E869F08}.Debug|Any CPU.ActiveCfg = Debug|Any CPU
		{2FBA8974-AAE8-43C1-AAD6-37C25E869F08}.Debug|Any CPU.Build.0 = Debug|Any CPU
		{2FBA8974-AAE8-43C1-AAD6-37C25E869F08}.Release|Any CPU.ActiveCfg = Release|Any CPU
		{2FBA8974-AAE8-43C1-AAD6-37C25E869F08}.Release|Any CPU.Build.0 = Release|Any CPU
		{25B407C4-144B-4C55-9CC8-D53B625FDD69}.Debug|Any CPU.ActiveCfg = Debug|Any CPU
		{25B407C4-144B-4C55-9CC8-D53B625FDD69}.Debug|Any CPU.Build.0 = Debug|Any CPU
		{25B407C4-144B-4C55-9CC8-D53B625FDD69}.Release|Any CPU.ActiveCfg = Release|Any CPU
		{25B407C4-144B-4C55-9CC8-D53B625FDD69}.Release|Any CPU.Build.0 = Release|Any CPU
		{E7C38917-CCCA-42DE-9C0A-0D6E5A0E22B4}.Debug|Any CPU.ActiveCfg = Debug|Any CPU
		{E7C38917-CCCA-42DE-9C0A-0D6E5A0E22B4}.Debug|Any CPU.Build.0 = Debug|Any CPU
		{E7C38917-CCCA-42DE-9C0A-0D6E5A0E22B4}.Release|Any CPU.ActiveCfg = Release|Any CPU
		{E7C38917-CCCA-42DE-9C0A-0D6E5A0E22B4}.Release|Any CPU.Build.0 = Release|Any CPU
		{3E816CEF-341B-4010-8C8C-B266F031EF6D}.Debug|Any CPU.ActiveCfg = Debug|Any CPU
		{3E816CEF-341B-4010-8C8C-B266F031EF6D}.Debug|Any CPU.Build.0 = Debug|Any CPU
		{3E816CEF-341B-4010-8C8C-B266F031EF6D}.Release|Any CPU.ActiveCfg = Release|Any CPU
		{3E816CEF-341B-4010-8C8C-B266F031EF6D}.Release|Any CPU.Build.0 = Release|Any CPU
		{4F7E6B2F-4AF1-444A-9753-3FB1EE3F554A}.Debug|Any CPU.ActiveCfg = Debug|Any CPU
		{4F7E6B2F-4AF1-444A-9753-3FB1EE3F554A}.Debug|Any CPU.Build.0 = Debug|Any CPU
		{4F7E6B2F-4AF1-444A-9753-3FB1EE3F554A}.Release|Any CPU.ActiveCfg = Release|Any CPU
		{4F7E6B2F-4AF1-444A-9753-3FB1EE3F554A}.Release|Any CPU.Build.0 = Release|Any CPU
		{049043DD-4F2B-465B-9BE4-3F5A623D8AB4}.Debug|Any CPU.ActiveCfg = Debug|Any CPU
		{049043DD-4F2B-465B-9BE4-3F5A623D8AB4}.Debug|Any CPU.Build.0 = Debug|Any CPU
		{049043DD-4F2B-465B-9BE4-3F5A623D8AB4}.Release|Any CPU.ActiveCfg = Release|Any CPU
		{049043DD-4F2B-465B-9BE4-3F5A623D8AB4}.Release|Any CPU.Build.0 = Release|Any CPU
		{695B6D02-77D6-432F-920E-EFE682BC0C19}.Debug|Any CPU.ActiveCfg = Debug|Any CPU
		{695B6D02-77D6-432F-920E-EFE682BC0C19}.Debug|Any CPU.Build.0 = Debug|Any CPU
		{695B6D02-77D6-432F-920E-EFE682BC0C19}.Release|Any CPU.ActiveCfg = Release|Any CPU
		{695B6D02-77D6-432F-920E-EFE682BC0C19}.Release|Any CPU.Build.0 = Release|Any CPU
		{2D2BB2ED-E1DF-492F-8173-6E44DA4E893A}.Debug|Any CPU.ActiveCfg = Debug|Any CPU
		{2D2BB2ED-E1DF-492F-8173-6E44DA4E893A}.Debug|Any CPU.Build.0 = Debug|Any CPU
		{2D2BB2ED-E1DF-492F-8173-6E44DA4E893A}.Release|Any CPU.ActiveCfg = Release|Any CPU
		{2D2BB2ED-E1DF-492F-8173-6E44DA4E893A}.Release|Any CPU.Build.0 = Release|Any CPU
		{EA971CF5-1B2D-4EE5-B5D1-DD208258D939}.Debug|Any CPU.ActiveCfg = Debug|Any CPU
		{EA971CF5-1B2D-4EE5-B5D1-DD208258D939}.Debug|Any CPU.Build.0 = Debug|Any CPU
		{EA971CF5-1B2D-4EE5-B5D1-DD208258D939}.Release|Any CPU.ActiveCfg = Release|Any CPU
		{EA971CF5-1B2D-4EE5-B5D1-DD208258D939}.Release|Any CPU.Build.0 = Release|Any CPU
		{BC7A4F53-E3FA-41F3-B9A6-28AB240BFF7F}.Debug|Any CPU.ActiveCfg = Debug|Any CPU
		{BC7A4F53-E3FA-41F3-B9A6-28AB240BFF7F}.Debug|Any CPU.Build.0 = Debug|Any CPU
		{BC7A4F53-E3FA-41F3-B9A6-28AB240BFF7F}.Release|Any CPU.ActiveCfg = Release|Any CPU
		{BC7A4F53-E3FA-41F3-B9A6-28AB240BFF7F}.Release|Any CPU.Build.0 = Release|Any CPU
		{1B1D2534-D211-475F-8CF5-C619CF1554A8}.Debug|Any CPU.ActiveCfg = Debug|Any CPU
		{1B1D2534-D211-475F-8CF5-C619CF1554A8}.Debug|Any CPU.Build.0 = Debug|Any CPU
		{1B1D2534-D211-475F-8CF5-C619CF1554A8}.Release|Any CPU.ActiveCfg = Release|Any CPU
		{1B1D2534-D211-475F-8CF5-C619CF1554A8}.Release|Any CPU.Build.0 = Release|Any CPU
		{B0F2452A-73AF-4061-BCCA-DA626818F9A8}.Debug|Any CPU.ActiveCfg = Debug|Any CPU
		{B0F2452A-73AF-4061-BCCA-DA626818F9A8}.Debug|Any CPU.Build.0 = Debug|Any CPU
		{B0F2452A-73AF-4061-BCCA-DA626818F9A8}.Release|Any CPU.ActiveCfg = Release|Any CPU
		{B0F2452A-73AF-4061-BCCA-DA626818F9A8}.Release|Any CPU.Build.0 = Release|Any CPU
		{7F056819-5357-4674-9C85-50DCB89E73F3}.Debug|Any CPU.ActiveCfg = Debug|Any CPU
		{7F056819-5357-4674-9C85-50DCB89E73F3}.Debug|Any CPU.Build.0 = Debug|Any CPU
		{7F056819-5357-4674-9C85-50DCB89E73F3}.Release|Any CPU.ActiveCfg = Release|Any CPU
		{7F056819-5357-4674-9C85-50DCB89E73F3}.Release|Any CPU.Build.0 = Release|Any CPU
		{D071E103-8ACD-47BD-8933-19C073D56680}.Debug|Any CPU.ActiveCfg = Debug|Any CPU
		{D071E103-8ACD-47BD-8933-19C073D56680}.Debug|Any CPU.Build.0 = Debug|Any CPU
		{D071E103-8ACD-47BD-8933-19C073D56680}.Release|Any CPU.ActiveCfg = Release|Any CPU
		{D071E103-8ACD-47BD-8933-19C073D56680}.Release|Any CPU.Build.0 = Release|Any CPU
		{5E9EC151-C1EF-4A26-A981-9E6DDB4270B5}.Debug|Any CPU.ActiveCfg = Debug|Any CPU
		{5E9EC151-C1EF-4A26-A981-9E6DDB4270B5}.Debug|Any CPU.Build.0 = Debug|Any CPU
		{5E9EC151-C1EF-4A26-A981-9E6DDB4270B5}.Release|Any CPU.ActiveCfg = Release|Any CPU
		{5E9EC151-C1EF-4A26-A981-9E6DDB4270B5}.Release|Any CPU.Build.0 = Release|Any CPU
		{47CDB144-0FE0-43CE-A650-9FC361A0FF88}.Debug|Any CPU.ActiveCfg = Debug|Any CPU
		{47CDB144-0FE0-43CE-A650-9FC361A0FF88}.Debug|Any CPU.Build.0 = Debug|Any CPU
		{47CDB144-0FE0-43CE-A650-9FC361A0FF88}.Release|Any CPU.ActiveCfg = Release|Any CPU
		{47CDB144-0FE0-43CE-A650-9FC361A0FF88}.Release|Any CPU.Build.0 = Release|Any CPU
		{42467A3F-23F3-4DCA-85A2-EAC2C066A7A0}.Debug|Any CPU.ActiveCfg = Debug|Any CPU
		{42467A3F-23F3-4DCA-85A2-EAC2C066A7A0}.Debug|Any CPU.Build.0 = Debug|Any CPU
		{42467A3F-23F3-4DCA-85A2-EAC2C066A7A0}.Release|Any CPU.ActiveCfg = Release|Any CPU
		{42467A3F-23F3-4DCA-85A2-EAC2C066A7A0}.Release|Any CPU.Build.0 = Release|Any CPU
		{A3CF9C08-90A6-49B5-9A02-81C0267922D4}.Debug|Any CPU.ActiveCfg = Debug|Any CPU
		{A3CF9C08-90A6-49B5-9A02-81C0267922D4}.Debug|Any CPU.Build.0 = Debug|Any CPU
		{A3CF9C08-90A6-49B5-9A02-81C0267922D4}.Release|Any CPU.ActiveCfg = Release|Any CPU
		{A3CF9C08-90A6-49B5-9A02-81C0267922D4}.Release|Any CPU.Build.0 = Release|Any CPU
		{72AE5379-3F0D-4F24-8162-329691B02BDD}.Debug|Any CPU.ActiveCfg = Debug|Any CPU
		{72AE5379-3F0D-4F24-8162-329691B02BDD}.Debug|Any CPU.Build.0 = Debug|Any CPU
		{72AE5379-3F0D-4F24-8162-329691B02BDD}.Release|Any CPU.ActiveCfg = Release|Any CPU
		{72AE5379-3F0D-4F24-8162-329691B02BDD}.Release|Any CPU.Build.0 = Release|Any CPU
		{425D6D9F-DBC7-4C9B-8010-8E457BB47A9F}.Debug|Any CPU.ActiveCfg = Debug|Any CPU
		{425D6D9F-DBC7-4C9B-8010-8E457BB47A9F}.Debug|Any CPU.Build.0 = Debug|Any CPU
		{425D6D9F-DBC7-4C9B-8010-8E457BB47A9F}.Release|Any CPU.ActiveCfg = Release|Any CPU
		{425D6D9F-DBC7-4C9B-8010-8E457BB47A9F}.Release|Any CPU.Build.0 = Release|Any CPU
		{22A08859-EA17-4C32-AB3A-805608326CA2}.Debug|Any CPU.ActiveCfg = Debug|Any CPU
		{22A08859-EA17-4C32-AB3A-805608326CA2}.Debug|Any CPU.Build.0 = Debug|Any CPU
		{22A08859-EA17-4C32-AB3A-805608326CA2}.Release|Any CPU.ActiveCfg = Release|Any CPU
		{22A08859-EA17-4C32-AB3A-805608326CA2}.Release|Any CPU.Build.0 = Release|Any CPU
		{EAE06B6F-2B11-4665-BFFC-240046832096}.Debug|Any CPU.ActiveCfg = Debug|Any CPU
		{EAE06B6F-2B11-4665-BFFC-240046832096}.Debug|Any CPU.Build.0 = Debug|Any CPU
		{EAE06B6F-2B11-4665-BFFC-240046832096}.Release|Any CPU.ActiveCfg = Release|Any CPU
		{EAE06B6F-2B11-4665-BFFC-240046832096}.Release|Any CPU.Build.0 = Release|Any CPU
		{FCD66AC2-6844-4D76-88AF-C21506D8DE4E}.Debug|Any CPU.ActiveCfg = Debug|Any CPU
		{FCD66AC2-6844-4D76-88AF-C21506D8DE4E}.Debug|Any CPU.Build.0 = Debug|Any CPU
		{FCD66AC2-6844-4D76-88AF-C21506D8DE4E}.Release|Any CPU.ActiveCfg = Release|Any CPU
		{FCD66AC2-6844-4D76-88AF-C21506D8DE4E}.Release|Any CPU.Build.0 = Release|Any CPU
		{4B1EB40F-A71F-402E-AF74-054A311D92C1}.Debug|Any CPU.ActiveCfg = Debug|Any CPU
		{4B1EB40F-A71F-402E-AF74-054A311D92C1}.Debug|Any CPU.Build.0 = Debug|Any CPU
		{4B1EB40F-A71F-402E-AF74-054A311D92C1}.Release|Any CPU.ActiveCfg = Release|Any CPU
		{4B1EB40F-A71F-402E-AF74-054A311D92C1}.Release|Any CPU.Build.0 = Release|Any CPU
		{B68F2651-1CF5-4F08-BB95-D32B153F4B42}.Debug|Any CPU.ActiveCfg = Debug|Any CPU
		{B68F2651-1CF5-4F08-BB95-D32B153F4B42}.Debug|Any CPU.Build.0 = Debug|Any CPU
		{B68F2651-1CF5-4F08-BB95-D32B153F4B42}.Release|Any CPU.ActiveCfg = Release|Any CPU
		{B68F2651-1CF5-4F08-BB95-D32B153F4B42}.Release|Any CPU.Build.0 = Release|Any CPU
		{31C694E4-1030-45A1-A6F4-A007159846D9}.Debug|Any CPU.ActiveCfg = Debug|Any CPU
		{31C694E4-1030-45A1-A6F4-A007159846D9}.Debug|Any CPU.Build.0 = Debug|Any CPU
		{31C694E4-1030-45A1-A6F4-A007159846D9}.Release|Any CPU.ActiveCfg = Release|Any CPU
		{31C694E4-1030-45A1-A6F4-A007159846D9}.Release|Any CPU.Build.0 = Release|Any CPU
		{4820D071-4EAD-43A8-A93A-687B4CDA7516}.Debug|Any CPU.ActiveCfg = Debug|Any CPU
		{4820D071-4EAD-43A8-A93A-687B4CDA7516}.Debug|Any CPU.Build.0 = Debug|Any CPU
		{4820D071-4EAD-43A8-A93A-687B4CDA7516}.Release|Any CPU.ActiveCfg = Release|Any CPU
		{4820D071-4EAD-43A8-A93A-687B4CDA7516}.Release|Any CPU.Build.0 = Release|Any CPU
		{E8E27016-CA97-45A7-A694-6DAD5113ECC9}.Debug|Any CPU.ActiveCfg = Debug|Any CPU
		{E8E27016-CA97-45A7-A694-6DAD5113ECC9}.Debug|Any CPU.Build.0 = Debug|Any CPU
		{E8E27016-CA97-45A7-A694-6DAD5113ECC9}.Release|Any CPU.ActiveCfg = Release|Any CPU
		{E8E27016-CA97-45A7-A694-6DAD5113ECC9}.Release|Any CPU.Build.0 = Release|Any CPU
		{7B010762-F29E-4D3C-A24C-6449739BCBA3}.Debug|Any CPU.ActiveCfg = Debug|Any CPU
		{7B010762-F29E-4D3C-A24C-6449739BCBA3}.Debug|Any CPU.Build.0 = Debug|Any CPU
		{7B010762-F29E-4D3C-A24C-6449739BCBA3}.Release|Any CPU.ActiveCfg = Release|Any CPU
		{7B010762-F29E-4D3C-A24C-6449739BCBA3}.Release|Any CPU.Build.0 = Release|Any CPU
		{BC8A4947-3CB0-4558-8354-0C2DA3279B7F}.Debug|Any CPU.ActiveCfg = Debug|Any CPU
		{BC8A4947-3CB0-4558-8354-0C2DA3279B7F}.Debug|Any CPU.Build.0 = Debug|Any CPU
		{BC8A4947-3CB0-4558-8354-0C2DA3279B7F}.Release|Any CPU.ActiveCfg = Release|Any CPU
		{BC8A4947-3CB0-4558-8354-0C2DA3279B7F}.Release|Any CPU.Build.0 = Release|Any CPU
		{2DF2921D-8BE5-437F-A3F1-21027595D4F4}.Debug|Any CPU.ActiveCfg = Debug|Any CPU
		{2DF2921D-8BE5-437F-A3F1-21027595D4F4}.Debug|Any CPU.Build.0 = Debug|Any CPU
		{2DF2921D-8BE5-437F-A3F1-21027595D4F4}.Release|Any CPU.ActiveCfg = Release|Any CPU
		{2DF2921D-8BE5-437F-A3F1-21027595D4F4}.Release|Any CPU.Build.0 = Release|Any CPU
		{522EA8D3-047A-4C7A-9D50-CCB5D611BC72}.Debug|Any CPU.ActiveCfg = Debug|Any CPU
		{522EA8D3-047A-4C7A-9D50-CCB5D611BC72}.Debug|Any CPU.Build.0 = Debug|Any CPU
		{522EA8D3-047A-4C7A-9D50-CCB5D611BC72}.Release|Any CPU.ActiveCfg = Release|Any CPU
		{522EA8D3-047A-4C7A-9D50-CCB5D611BC72}.Release|Any CPU.Build.0 = Release|Any CPU
		{9ECB5BE5-4C16-4C94-9647-BF953EF86C94}.Debug|Any CPU.ActiveCfg = Debug|Any CPU
		{9ECB5BE5-4C16-4C94-9647-BF953EF86C94}.Debug|Any CPU.Build.0 = Debug|Any CPU
		{9ECB5BE5-4C16-4C94-9647-BF953EF86C94}.Release|Any CPU.ActiveCfg = Release|Any CPU
		{9ECB5BE5-4C16-4C94-9647-BF953EF86C94}.Release|Any CPU.Build.0 = Release|Any CPU
		{3BC9ADDE-EC6E-436A-BC8E-BB18615DCE0D}.Debug|Any CPU.ActiveCfg = Debug|Any CPU
		{3BC9ADDE-EC6E-436A-BC8E-BB18615DCE0D}.Debug|Any CPU.Build.0 = Debug|Any CPU
		{3BC9ADDE-EC6E-436A-BC8E-BB18615DCE0D}.Release|Any CPU.ActiveCfg = Release|Any CPU
		{3BC9ADDE-EC6E-436A-BC8E-BB18615DCE0D}.Release|Any CPU.Build.0 = Release|Any CPU
		{589E6C99-00BD-4062-8192-C015D93387F2}.Debug|Any CPU.ActiveCfg = Debug|Any CPU
		{589E6C99-00BD-4062-8192-C015D93387F2}.Debug|Any CPU.Build.0 = Debug|Any CPU
		{589E6C99-00BD-4062-8192-C015D93387F2}.Release|Any CPU.ActiveCfg = Release|Any CPU
		{589E6C99-00BD-4062-8192-C015D93387F2}.Release|Any CPU.Build.0 = Release|Any CPU
		{3FB0F998-6ED8-49CD-AE52-71E27A54B9DA}.Debug|Any CPU.ActiveCfg = Debug|Any CPU
		{3FB0F998-6ED8-49CD-AE52-71E27A54B9DA}.Debug|Any CPU.Build.0 = Debug|Any CPU
		{3FB0F998-6ED8-49CD-AE52-71E27A54B9DA}.Release|Any CPU.ActiveCfg = Release|Any CPU
		{3FB0F998-6ED8-49CD-AE52-71E27A54B9DA}.Release|Any CPU.Build.0 = Release|Any CPU
		{E0883971-0670-4E44-B9CA-218A72A33BF0}.Debug|Any CPU.ActiveCfg = Debug|Any CPU
		{E0883971-0670-4E44-B9CA-218A72A33BF0}.Debug|Any CPU.Build.0 = Debug|Any CPU
		{E0883971-0670-4E44-B9CA-218A72A33BF0}.Release|Any CPU.ActiveCfg = Release|Any CPU
		{E0883971-0670-4E44-B9CA-218A72A33BF0}.Release|Any CPU.Build.0 = Release|Any CPU
		{318745AA-C0D4-4340-9E94-AEDEAE95B36E}.Debug|Any CPU.ActiveCfg = Debug|Any CPU
		{318745AA-C0D4-4340-9E94-AEDEAE95B36E}.Debug|Any CPU.Build.0 = Debug|Any CPU
		{318745AA-C0D4-4340-9E94-AEDEAE95B36E}.Release|Any CPU.ActiveCfg = Release|Any CPU
		{318745AA-C0D4-4340-9E94-AEDEAE95B36E}.Release|Any CPU.Build.0 = Release|Any CPU
		{1D938EA3-5ED2-4D23-B38B-C54102768912}.Debug|Any CPU.ActiveCfg = Debug|Any CPU
		{1D938EA3-5ED2-4D23-B38B-C54102768912}.Debug|Any CPU.Build.0 = Debug|Any CPU
		{1D938EA3-5ED2-4D23-B38B-C54102768912}.Release|Any CPU.ActiveCfg = Release|Any CPU
		{1D938EA3-5ED2-4D23-B38B-C54102768912}.Release|Any CPU.Build.0 = Release|Any CPU
		{840CA2ED-682A-4EFB-98EF-2E9C1789F245}.Debug|Any CPU.ActiveCfg = Debug|Any CPU
		{840CA2ED-682A-4EFB-98EF-2E9C1789F245}.Debug|Any CPU.Build.0 = Debug|Any CPU
		{840CA2ED-682A-4EFB-98EF-2E9C1789F245}.Release|Any CPU.ActiveCfg = Release|Any CPU
		{840CA2ED-682A-4EFB-98EF-2E9C1789F245}.Release|Any CPU.Build.0 = Release|Any CPU
		{1A4F1986-F799-422B-A878-ABA172DE7818}.Debug|Any CPU.ActiveCfg = Debug|Any CPU
		{1A4F1986-F799-422B-A878-ABA172DE7818}.Debug|Any CPU.Build.0 = Debug|Any CPU
		{1A4F1986-F799-422B-A878-ABA172DE7818}.Release|Any CPU.ActiveCfg = Release|Any CPU
		{1A4F1986-F799-422B-A878-ABA172DE7818}.Release|Any CPU.Build.0 = Release|Any CPU
		{6CC60C8B-4DFB-4FF4-B32D-981F99B40C8C}.Debug|Any CPU.ActiveCfg = Debug|Any CPU
		{6CC60C8B-4DFB-4FF4-B32D-981F99B40C8C}.Debug|Any CPU.Build.0 = Debug|Any CPU
		{6CC60C8B-4DFB-4FF4-B32D-981F99B40C8C}.Release|Any CPU.ActiveCfg = Release|Any CPU
		{6CC60C8B-4DFB-4FF4-B32D-981F99B40C8C}.Release|Any CPU.Build.0 = Release|Any CPU
		{4EE46F47-AE8F-4011-971E-8435FC1260F5}.Debug|Any CPU.ActiveCfg = Debug|Any CPU
		{4EE46F47-AE8F-4011-971E-8435FC1260F5}.Debug|Any CPU.Build.0 = Debug|Any CPU
		{4EE46F47-AE8F-4011-971E-8435FC1260F5}.Release|Any CPU.ActiveCfg = Release|Any CPU
		{4EE46F47-AE8F-4011-971E-8435FC1260F5}.Release|Any CPU.Build.0 = Release|Any CPU
		{DC132E41-7DCF-4339-B472-4D500572AFA5}.Debug|Any CPU.ActiveCfg = Debug|Any CPU
		{DC132E41-7DCF-4339-B472-4D500572AFA5}.Debug|Any CPU.Build.0 = Debug|Any CPU
		{DC132E41-7DCF-4339-B472-4D500572AFA5}.Release|Any CPU.ActiveCfg = Release|Any CPU
		{DC132E41-7DCF-4339-B472-4D500572AFA5}.Release|Any CPU.Build.0 = Release|Any CPU
		{787ADC6C-0637-42C7-990E-4919CB721559}.Debug|Any CPU.ActiveCfg = Debug|Any CPU
		{787ADC6C-0637-42C7-990E-4919CB721559}.Debug|Any CPU.Build.0 = Debug|Any CPU
		{787ADC6C-0637-42C7-990E-4919CB721559}.Release|Any CPU.ActiveCfg = Release|Any CPU
		{787ADC6C-0637-42C7-990E-4919CB721559}.Release|Any CPU.Build.0 = Release|Any CPU
		{AA053806-F6AF-468E-A2EC-1A8D00E721F2}.Debug|Any CPU.ActiveCfg = Debug|Any CPU
		{AA053806-F6AF-468E-A2EC-1A8D00E721F2}.Debug|Any CPU.Build.0 = Debug|Any CPU
		{AA053806-F6AF-468E-A2EC-1A8D00E721F2}.Release|Any CPU.ActiveCfg = Release|Any CPU
		{AA053806-F6AF-468E-A2EC-1A8D00E721F2}.Release|Any CPU.Build.0 = Release|Any CPU
	EndGlobalSection
	GlobalSection(SolutionProperties) = preSolution
		HideSolutionNode = FALSE
	EndGlobalSection
	GlobalSection(NestedProjects) = preSolution
		{96334265-0515-4C61-B6EF-A39A36A99CD2} = {2FFDD626-2A70-425D-A6D7-5769E16CE0C5}
		{4C011347-AA81-4AD9-9688-06C0DFF448BB} = {FA69B589-117C-4E05-9F95-914965C37D71}
		{FA69B589-117C-4E05-9F95-914965C37D71} = {50B3CF2D-D22F-4393-97BF-67C14B2E1756}
		{50B3CF2D-D22F-4393-97BF-67C14B2E1756} = {C2C77100-B789-417D-A387-E2C4A668C15C}
		{04F30A51-4DC7-4F70-94DF-F9AA594C3656} = {2FFDD626-2A70-425D-A6D7-5769E16CE0C5}
		{7E40D044-DFE1-4DDD-A45F-74F820AE7B1D} = {DF4173DB-3EB9-4E59-A4FB-EC630048C286}
		{15C3D733-AA9A-47B1-BDF3-92BFD40B69C1} = {77625A58-589A-4E69-B835-64A01A197D09}
		{2FBA8974-AAE8-43C1-AAD6-37C25E869F08} = {F224ACDF-5B60-47B3-98F7-15280126EF03}
		{25B407C4-144B-4C55-9CC8-D53B625FDD69} = {F224ACDF-5B60-47B3-98F7-15280126EF03}
		{AD34A5D5-1235-4F55-A00F-8B307F7FF2EB} = {C2C77100-B789-417D-A387-E2C4A668C15C}
		{E7C38917-CCCA-42DE-9C0A-0D6E5A0E22B4} = {1D6CE589-D18D-4682-A950-003BAC9B7B04}
		{3E816CEF-341B-4010-8C8C-B266F031EF6D} = {2D8768BC-205A-4BE5-8A42-66FAADF2CF7E}
		{4F7E6B2F-4AF1-444A-9753-3FB1EE3F554A} = {2FFDD626-2A70-425D-A6D7-5769E16CE0C5}
		{049043DD-4F2B-465B-9BE4-3F5A623D8AB4} = {C6C32266-365A-4D53-82C2-74B4943F8A5A}
		{2D8768BC-205A-4BE5-8A42-66FAADF2CF7E} = {AD34A5D5-1235-4F55-A00F-8B307F7FF2EB}
		{695B6D02-77D6-432F-920E-EFE682BC0C19} = {2D8768BC-205A-4BE5-8A42-66FAADF2CF7E}
		{2D2BB2ED-E1DF-492F-8173-6E44DA4E893A} = {FA69B589-117C-4E05-9F95-914965C37D71}
		{EA971CF5-1B2D-4EE5-B5D1-DD208258D939} = {FA69B589-117C-4E05-9F95-914965C37D71}
		{BC7A4F53-E3FA-41F3-B9A6-28AB240BFF7F} = {FA69B589-117C-4E05-9F95-914965C37D71}
		{1B1D2534-D211-475F-8CF5-C619CF1554A8} = {FA69B589-117C-4E05-9F95-914965C37D71}
		{C6C32266-365A-4D53-82C2-74B4943F8A5A} = {AD34A5D5-1235-4F55-A00F-8B307F7FF2EB}
		{B0F2452A-73AF-4061-BCCA-DA626818F9A8} = {C6C32266-365A-4D53-82C2-74B4943F8A5A}
		{7F056819-5357-4674-9C85-50DCB89E73F3} = {C6C32266-365A-4D53-82C2-74B4943F8A5A}
		{D071E103-8ACD-47BD-8933-19C073D56680} = {C6C32266-365A-4D53-82C2-74B4943F8A5A}
		{5E9EC151-C1EF-4A26-A981-9E6DDB4270B5} = {C6C32266-365A-4D53-82C2-74B4943F8A5A}
		{47CDB144-0FE0-43CE-A650-9FC361A0FF88} = {C6C32266-365A-4D53-82C2-74B4943F8A5A}
		{42467A3F-23F3-4DCA-85A2-EAC2C066A7A0} = {1D6CE589-D18D-4682-A950-003BAC9B7B04}
		{A3CF9C08-90A6-49B5-9A02-81C0267922D4} = {1D6CE589-D18D-4682-A950-003BAC9B7B04}
		{72AE5379-3F0D-4F24-8162-329691B02BDD} = {DF4173DB-3EB9-4E59-A4FB-EC630048C286}
		{DF4173DB-3EB9-4E59-A4FB-EC630048C286} = {50B3CF2D-D22F-4393-97BF-67C14B2E1756}
		{425D6D9F-DBC7-4C9B-8010-8E457BB47A9F} = {DF4173DB-3EB9-4E59-A4FB-EC630048C286}
		{22A08859-EA17-4C32-AB3A-805608326CA2} = {DF4173DB-3EB9-4E59-A4FB-EC630048C286}
		{71A275A8-1DC9-4AD6-AC50-8F3C922FEF1A} = {2FFDD626-2A70-425D-A6D7-5769E16CE0C5}
		{EAE06B6F-2B11-4665-BFFC-240046832096} = {71A275A8-1DC9-4AD6-AC50-8F3C922FEF1A}
		{FCD66AC2-6844-4D76-88AF-C21506D8DE4E} = {5A5AB43E-890A-48AA-B426-8913AE372ADE}
		{4B1EB40F-A71F-402E-AF74-054A311D92C1} = {5A5AB43E-890A-48AA-B426-8913AE372ADE}
		{B68F2651-1CF5-4F08-BB95-D32B153F4B42} = {F5B1697D-C26A-4165-B810-6A4C8621F902}
		{C856DEA2-275C-4529-8B89-08F9E933C7CE} = {C2C77100-B789-417D-A387-E2C4A668C15C}
		{724C2369-D469-4258-AF54-4E4762A149E1} = {C856DEA2-275C-4529-8B89-08F9E933C7CE}
		{4168DC9F-2512-45F5-B287-7157A2559306} = {C856DEA2-275C-4529-8B89-08F9E933C7CE}
		{D2DBBB39-FDC4-4070-939A-A9E0DC71F017} = {C856DEA2-275C-4529-8B89-08F9E933C7CE}
		{2A4B3CE0-64B8-45F8-BFD9-C78FF5F28287} = {C856DEA2-275C-4529-8B89-08F9E933C7CE}
		{D5E55441-F06F-437B-8CB6-ED26C1938072} = {724C2369-D469-4258-AF54-4E4762A149E1}
		{AB5F1378-D6DD-4108-BB37-FB8346CB7DFA} = {724C2369-D469-4258-AF54-4E4762A149E1}
		{F484F33B-7897-4C39-91EE-D0E7134018AB} = {AB5F1378-D6DD-4108-BB37-FB8346CB7DFA}
		{31C694E4-1030-45A1-A6F4-A007159846D9} = {F484F33B-7897-4C39-91EE-D0E7134018AB}
		{4820D071-4EAD-43A8-A93A-687B4CDA7516} = {F484F33B-7897-4C39-91EE-D0E7134018AB}
		{E8E27016-CA97-45A7-A694-6DAD5113ECC9} = {F484F33B-7897-4C39-91EE-D0E7134018AB}
		{B72B6DDF-7E0B-4AC1-8A06-CCF30C99BE3D} = {AB5F1378-D6DD-4108-BB37-FB8346CB7DFA}
		{7B010762-F29E-4D3C-A24C-6449739BCBA3} = {B72B6DDF-7E0B-4AC1-8A06-CCF30C99BE3D}
		{BC8A4947-3CB0-4558-8354-0C2DA3279B7F} = {D5E55441-F06F-437B-8CB6-ED26C1938072}
		{2DF2921D-8BE5-437F-A3F1-21027595D4F4} = {2A4B3CE0-64B8-45F8-BFD9-C78FF5F28287}
		{522EA8D3-047A-4C7A-9D50-CCB5D611BC72} = {1D6CE589-D18D-4682-A950-003BAC9B7B04}
		{6F63B967-D17C-4693-8228-D4F254C24F8B} = {C2C77100-B789-417D-A387-E2C4A668C15C}
		{9ECB5BE5-4C16-4C94-9647-BF953EF86C94} = {6F63B967-D17C-4693-8228-D4F254C24F8B}
		{3BC9ADDE-EC6E-436A-BC8E-BB18615DCE0D} = {6F63B967-D17C-4693-8228-D4F254C24F8B}
		{589E6C99-00BD-4062-8192-C015D93387F2} = {2D8768BC-205A-4BE5-8A42-66FAADF2CF7E}
		{3FB0F998-6ED8-49CD-AE52-71E27A54B9DA} = {3C1B303F-7C0F-4C3D-9F33-ABBDEAC8F7E8}
		{E0883971-0670-4E44-B9CA-218A72A33BF0} = {3C1B303F-7C0F-4C3D-9F33-ABBDEAC8F7E8}
		{5A5AB43E-890A-48AA-B426-8913AE372ADE} = {F5B1697D-C26A-4165-B810-6A4C8621F902}
		{3C1B303F-7C0F-4C3D-9F33-ABBDEAC8F7E8} = {F5B1697D-C26A-4165-B810-6A4C8621F902}
		{318745AA-C0D4-4340-9E94-AEDEAE95B36E} = {15C3D733-AA9A-47B1-BDF3-92BFD40B69C1}
		{1D938EA3-5ED2-4D23-B38B-C54102768912} = {15C3D733-AA9A-47B1-BDF3-92BFD40B69C1}
		{840CA2ED-682A-4EFB-98EF-2E9C1789F245} = {3C1B303F-7C0F-4C3D-9F33-ABBDEAC8F7E8}
		{1A4F1986-F799-422B-A878-ABA172DE7818} = {3C1B303F-7C0F-4C3D-9F33-ABBDEAC8F7E8}
		{6CC60C8B-4DFB-4FF4-B32D-981F99B40C8C} = {1D6CE589-D18D-4682-A950-003BAC9B7B04}
		{4EE46F47-AE8F-4011-971E-8435FC1260F5} = {1D6CE589-D18D-4682-A950-003BAC9B7B04}
		{6C10442A-5611-4E01-A65E-5A4F649A8FE6} = {C2C77100-B789-417D-A387-E2C4A668C15C}
		{A02A7228-EE23-46AE-82ED-CFACF724E9FA} = {50B3CF2D-D22F-4393-97BF-67C14B2E1756}
		{DC132E41-7DCF-4339-B472-4D500572AFA5} = {A02A7228-EE23-46AE-82ED-CFACF724E9FA}
		{787ADC6C-0637-42C7-990E-4919CB721559} = {6C10442A-5611-4E01-A65E-5A4F649A8FE6}
		{AA053806-F6AF-468E-A2EC-1A8D00E721F2} = {6C10442A-5611-4E01-A65E-5A4F649A8FE6}
	EndGlobalSection
	GlobalSection(ExtensibilityGlobals) = postSolution
		SolutionGuid = {ECA73881-E310-4BAF-AD49-B4956E04A2FF}
	EndGlobalSection
EndGlobal
