
Microsoft Visual Studio Solution File, Format Version 12.00
# Visual Studio Version 16
VisualStudioVersion = 16.0.31005.135
MinimumVisualStudioVersion = 10.0.40219.1
Project("{9A19103F-16F7-4668-BE54-9A1E7A4F7556}") = "TestA", "TestA\TestA.csproj", "{375C6B1D-2CF5-4EB1-BFD7-6DD24E427C06}"
EndProject
Project("{FAE04EC0-301F-11D3-BF4B-00C04F79EFBC}") = "TestA.Interceptor", "TestA.Interceptor\TestA.Interceptor.csproj", "{96334265-0515-4C61-B6EF-A39A36A99CD2}"
EndProject
Project("{FAE04EC0-301F-11D3-BF4B-00C04F79EFBC}") = "TestNF", "TestNF\TestNF.csproj", "{4C011347-AA81-4AD9-9688-06C0DFF448BB}"
EndProject
Project("{FAE04EC0-301F-11D3-BF4B-00C04F79EFBC}") = "TestA.NFInterceptor", "TestA.NFInterceptor\TestA.NFInterceptor.csproj", "{444389B5-5481-4FEF-855C-A75EEC812FB4}"
EndProject
Project("{2150E333-8FDC-42A3-9474-1A3956D46DE8}") = "Core", "Core", "{FA69B589-117C-4E05-9F95-914965C37D71}"
EndProject
Project("{2150E333-8FDC-42A3-9474-1A3956D46DE8}") = "NetFramework", "NetFramework", "{1823BF42-E41D-42E0-9D4B-F198CD321D84}"
EndProject
Global
	GlobalSection(SolutionConfigurationPlatforms) = preSolution
		Debug|Any CPU = Debug|Any CPU
		Release|Any CPU = Release|Any CPU
	EndGlobalSection
	GlobalSection(ProjectConfigurationPlatforms) = postSolution
		{375C6B1D-2CF5-4EB1-BFD7-6DD24E427C06}.Debug|Any CPU.ActiveCfg = Debug|Any CPU
		{375C6B1D-2CF5-4EB1-BFD7-6DD24E427C06}.Debug|Any CPU.Build.0 = Debug|Any CPU
		{375C6B1D-2CF5-4EB1-BFD7-6DD24E427C06}.Release|Any CPU.ActiveCfg = Release|Any CPU
		{375C6B1D-2CF5-4EB1-BFD7-6DD24E427C06}.Release|Any CPU.Build.0 = Release|Any CPU
		{96334265-0515-4C61-B6EF-A39A36A99CD2}.Debug|Any CPU.ActiveCfg = Debug|Any CPU
		{96334265-0515-4C61-B6EF-A39A36A99CD2}.Debug|Any CPU.Build.0 = Debug|Any CPU
		{96334265-0515-4C61-B6EF-A39A36A99CD2}.Release|Any CPU.ActiveCfg = Release|Any CPU
		{96334265-0515-4C61-B6EF-A39A36A99CD2}.Release|Any CPU.Build.0 = Release|Any CPU
		{4C011347-AA81-4AD9-9688-06C0DFF448BB}.Debug|Any CPU.ActiveCfg = Debug|Any CPU
		{4C011347-AA81-4AD9-9688-06C0DFF448BB}.Debug|Any CPU.Build.0 = Debug|Any CPU
		{4C011347-AA81-4AD9-9688-06C0DFF448BB}.Release|Any CPU.ActiveCfg = Release|Any CPU
		{4C011347-AA81-4AD9-9688-06C0DFF448BB}.Release|Any CPU.Build.0 = Release|Any CPU
		{444389B5-5481-4FEF-855C-A75EEC812FB4}.Debug|Any CPU.ActiveCfg = Debug|Any CPU
		{444389B5-5481-4FEF-855C-A75EEC812FB4}.Debug|Any CPU.Build.0 = Debug|Any CPU
		{444389B5-5481-4FEF-855C-A75EEC812FB4}.Release|Any CPU.ActiveCfg = Release|Any CPU
		{444389B5-5481-4FEF-855C-A75EEC812FB4}.Release|Any CPU.Build.0 = Release|Any CPU
	EndGlobalSection
	GlobalSection(SolutionProperties) = preSolution
		HideSolutionNode = FALSE
	EndGlobalSection
	GlobalSection(NestedProjects) = preSolution
		{375C6B1D-2CF5-4EB1-BFD7-6DD24E427C06} = {FA69B589-117C-4E05-9F95-914965C37D71}
		{96334265-0515-4C61-B6EF-A39A36A99CD2} = {FA69B589-117C-4E05-9F95-914965C37D71}
		{4C011347-AA81-4AD9-9688-06C0DFF448BB} = {1823BF42-E41D-42E0-9D4B-F198CD321D84}
		{444389B5-5481-4FEF-855C-A75EEC812FB4} = {1823BF42-E41D-42E0-9D4B-F198CD321D84}
	EndGlobalSection
	GlobalSection(ExtensibilityGlobals) = postSolution
		SolutionGuid = {ECA73881-E310-4BAF-AD49-B4956E04A2FF}
	EndGlobalSection
EndGlobal
